
Microsoft Visual Studio Solution File, Format Version 12.00
# Visual Studio Version 17
VisualStudioVersion = 17.0.31903.59
MinimumVisualStudioVersion = 10.0.40219.1
Project("{9A19103F-16F7-4668-BE54-9A1E7A4F7556}") = "aoc-2022-test", "aoc-2022-test\aoc-2022-test.csproj", "{E5820F42-1C84-495E-920C-D1EE7FB02E3A}"
EndProject
Project("{9A19103F-16F7-4668-BE54-9A1E7A4F7556}") = "aoc-2022", "aoc-2022\aoc-2022.csproj", "{98207218-9C0D-406F-9294-DC84D9977C0B}"
EndProject
Project("{2150E333-8FDC-42A3-9474-1A3956D46DE8}") = "Solution Items", "Solution Items", "{B9FDB2D5-3DF9-429D-B617-9F195292BA96}"
	ProjectSection(SolutionItems) = preProject
		.github\workflows\dotnet.yml = .github\workflows\dotnet.yml
		README.md = README.md
	EndProjectSection
EndProject
Project("{9A19103F-16F7-4668-BE54-9A1E7A4F7556}") = "aoc-2022-benchmark", "aoc-2022-benchmark\aoc-2022-benchmark.csproj", "{DB70E951-5F9B-49F1-AEE1-DD5A1D196685}"
EndProject
Project("{FAE04EC0-301F-11D3-BF4B-00C04F79EFBC}") = "aoc-2022-data", "aoc-2022-data\aoc-2022-data.csproj", "{10DF2478-57B5-4A45-8CAC-7A9B1638B86C}"
EndProject
Global
	GlobalSection(SolutionConfigurationPlatforms) = preSolution
		Debug|Any CPU = Debug|Any CPU
		Release|Any CPU = Release|Any CPU
	EndGlobalSection
	GlobalSection(ProjectConfigurationPlatforms) = postSolution
		{E5820F42-1C84-495E-920C-D1EE7FB02E3A}.Debug|Any CPU.ActiveCfg = Debug|Any CPU
		{E5820F42-1C84-495E-920C-D1EE7FB02E3A}.Debug|Any CPU.Build.0 = Debug|Any CPU
		{E5820F42-1C84-495E-920C-D1EE7FB02E3A}.Release|Any CPU.ActiveCfg = Release|Any CPU
		{E5820F42-1C84-495E-920C-D1EE7FB02E3A}.Release|Any CPU.Build.0 = Release|Any CPU
		{98207218-9C0D-406F-9294-DC84D9977C0B}.Debug|Any CPU.ActiveCfg = Debug|Any CPU
		{98207218-9C0D-406F-9294-DC84D9977C0B}.Debug|Any CPU.Build.0 = Debug|Any CPU
		{98207218-9C0D-406F-9294-DC84D9977C0B}.Release|Any CPU.ActiveCfg = Release|Any CPU
		{98207218-9C0D-406F-9294-DC84D9977C0B}.Release|Any CPU.Build.0 = Release|Any CPU
		{DB70E951-5F9B-49F1-AEE1-DD5A1D196685}.Debug|Any CPU.ActiveCfg = Debug|Any CPU
		{DB70E951-5F9B-49F1-AEE1-DD5A1D196685}.Debug|Any CPU.Build.0 = Debug|Any CPU
		{DB70E951-5F9B-49F1-AEE1-DD5A1D196685}.Release|Any CPU.ActiveCfg = Release|Any CPU
		{DB70E951-5F9B-49F1-AEE1-DD5A1D196685}.Release|Any CPU.Build.0 = Release|Any CPU
		{10DF2478-57B5-4A45-8CAC-7A9B1638B86C}.Debug|Any CPU.ActiveCfg = Debug|Any CPU
		{10DF2478-57B5-4A45-8CAC-7A9B1638B86C}.Debug|Any CPU.Build.0 = Debug|Any CPU
		{10DF2478-57B5-4A45-8CAC-7A9B1638B86C}.Release|Any CPU.ActiveCfg = Release|Any CPU
		{10DF2478-57B5-4A45-8CAC-7A9B1638B86C}.Release|Any CPU.Build.0 = Release|Any CPU
	EndGlobalSection
	GlobalSection(SolutionProperties) = preSolution
		HideSolutionNode = FALSE
	EndGlobalSection
	GlobalSection(ExtensibilityGlobals) = postSolution
		SolutionGuid = {7A210A29-4CA8-4D20-889F-8D25C43ED1EE}
	EndGlobalSection
EndGlobal
